
Microsoft Visual Studio Solution File, Format Version 12.00
# Visual Studio Version 16
VisualStudioVersion = 16.0.810.20
MinimumVisualStudioVersion = 10.0.40219.1
Project("{FAE04EC0-301F-11D3-BF4B-00C04F79EFBC}") = "Mission13", "Mission13\Mission13.csproj", "{018099CB-36E6-4498-B66E-FDD475D28694}"
EndProject
Global
	GlobalSection(SolutionConfigurationPlatforms) = preSolution
		Debug|Any CPU = Debug|Any CPU
		Release|Any CPU = Release|Any CPU
	EndGlobalSection
	GlobalSection(ProjectConfigurationPlatforms) = postSolution
		{018099CB-36E6-4498-B66E-FDD475D28694}.Debug|Any CPU.ActiveCfg = Debug|Any CPU
		{018099CB-36E6-4498-B66E-FDD475D28694}.Debug|Any CPU.Build.0 = Debug|Any CPU
		{018099CB-36E6-4498-B66E-FDD475D28694}.Release|Any CPU.ActiveCfg = Release|Any CPU
		{018099CB-36E6-4498-B66E-FDD475D28694}.Release|Any CPU.Build.0 = Release|Any CPU
	EndGlobalSection
	GlobalSection(SolutionProperties) = preSolution
		HideSolutionNode = FALSE
	EndGlobalSection
	GlobalSection(ExtensibilityGlobals) = postSolution
		SolutionGuid = {0A57C71D-BC4A-458B-BCC0-A36FB8AAC3AF}
	EndGlobalSection
EndGlobal
